PODS:
  - FBSnapshotTestCase (2.1.4):
    - FBSnapshotTestCase/SwiftSupport (= 2.1.4)
  - FBSnapshotTestCase/Core (2.1.4)
  - FBSnapshotTestCase/SwiftSupport (2.1.4):
    - FBSnapshotTestCase/Core
  - TRUNetworking (0.1.0)

DEPENDENCIES:
  - FBSnapshotTestCase
  - TRUNetworking (from `../`)

SPEC REPOS:
  trunk:
    - FBSnapshotTestCase

EXTERNAL SOURCES:
  TRUNetworking:
    :path: "../"

SPEC CHECKSUMS:
  FBSnapshotTestCase: 094f9f314decbabe373b87cc339bea235a63e07a
  TRUNetworking: 9f160de664c24dad568fe75e85a4deb24434acf0

PODFILE CHECKSUM: e8fe496ab03389b81c6656a148565a874e4fb287

COCOAPODS: 1.10.0
